# This file is automatically @generated by Cargo.
# It is not intended for manual editing.
version = 3

[[package]]
name = "assert_float_eq"
version = "1.1.3"
source = "registry+https://github.com/rust-lang/crates.io-index"
checksum = "4cea652ffbedecf29e9cd41bb4c066881057a42c0c119040f022802b26853e77"

[[package]]
name = "katexit"
version = "0.1.4"
source = "registry+https://github.com/rust-lang/crates.io-index"
checksum = "eb1304c448ce2c207c2298a34bc476ce7ae47f63c23fa2b498583b26be9bc88c"
dependencies = [
 "proc-macro2",
 "quote",
 "syn",
]

[[package]]
name = "libm"
version = "0.2.6"
source = "registry+https://github.com/rust-lang/crates.io-index"
checksum = "348108ab3fba42ec82ff6e9564fc4ca0247bdccdc68dd8af9764bbc79c3c8ffb"

[[package]]
name = "optiors"
version = "0.1.0"
dependencies = [
 "assert_float_eq",
 "katexit",
 "probability",
]

[[package]]
name = "probability"
version = "0.20.3"
source = "registry+https://github.com/rust-lang/crates.io-index"
checksum = "42746b805e424b759d46c22c65dc66ccca057a2db96e9db4fda6c337a287e485"
dependencies = [
 "random",
 "special",
]

[[package]]
name = "proc-macro2"
version = "1.0.50"
source = "registry+https://github.com/rust-lang/crates.io-index"
checksum = "6ef7d57beacfaf2d8aee5937dab7b7f28de3cb8b1828479bb5de2a7106f2bae2"
dependencies = [
 "unicode-ident",
]

[[package]]
name = "quote"
version = "1.0.23"
source = "registry+https://github.com/rust-lang/crates.io-index"
checksum = "8856d8364d252a14d474036ea1358d63c9e6965c8e5c1885c18f73d70bff9c7b"
dependencies = [
 "proc-macro2",
]

[[package]]
name = "random"
version = "0.13.2"
source = "registry+https://github.com/rust-lang/crates.io-index"
checksum = "474c42c904f04dfe2a595a02f71e1a0e5e92ffb5761cc9a4c02140b93b8dd504"

[[package]]
name = "special"
version = "0.10.2"
source = "registry+https://github.com/rust-lang/crates.io-index"
checksum = "322ed043a063dd3cabb4b53b2a37bce115854d94df19acf766d9dacaff218c5a"
dependencies = [
 "libm",
]

[[package]]
name = "syn"
version = "1.0.107"
source = "registry+https://github.com/rust-lang/crates.io-index"
checksum = "1f4064b5b16e03ae50984a5a8ed5d4f8803e6bc1fd170a3cda91a1be4b18e3f5"
dependencies = [
 "proc-macro2",
 "quote",
 "unicode-ident",
]

[[package]]
name = "unicode-ident"
version = "1.0.6"
source = "registry+https://github.com/rust-lang/crates.io-index"
checksum = "84a22b9f218b40614adcb3f4ff08b703773ad44fa9423e4e0d346d5db86e4ebc"
